
Microsoft Visual Studio Solution File, Format Version 12.00
# Visual Studio Version 16
VisualStudioVersion = 16.0.30114.105
MinimumVisualStudioVersion = 10.0.40219.1
Project("{FAE04EC0-301F-11D3-BF4B-00C04F79EFBC}") = "Eventos.Application", "Eventos.Application\Eventos.Application.csproj", "{FE51B544-E449-4B6D-A0AE-A12F86D0F4EE}"
EndProject
Project("{FAE04EC0-301F-11D3-BF4B-00C04F79EFBC}") = "Eventos.Persistence", "Eventos.Persistence\Eventos.Persistence.csproj", "{3D97F9D1-539A-4095-BD9E-18AB76352AD8}"
EndProject
Project("{FAE04EC0-301F-11D3-BF4B-00C04F79EFBC}") = "Eventos.Domain", "Eventos.Domain\Eventos.Domain.csproj", "{E9E3E3C3-53F2-49C2-92C1-D30AA46E63FB}"
EndProject
Global
	GlobalSection(SolutionConfigurationPlatforms) = preSolution
		Debug|Any CPU = Debug|Any CPU
		Debug|x64 = Debug|x64
		Debug|x86 = Debug|x86
		Release|Any CPU = Release|Any CPU
		Release|x64 = Release|x64
		Release|x86 = Release|x86
	EndGlobalSection
	GlobalSection(SolutionProperties) = preSolution
		HideSolutionNode = FALSE
	EndGlobalSection
	GlobalSection(ProjectConfigurationPlatforms) = postSolution
		{FE51B544-E449-4B6D-A0AE-A12F86D0F4EE}.Debug|Any CPU.ActiveCfg = Debug|Any CPU
		{FE51B544-E449-4B6D-A0AE-A12F86D0F4EE}.Debug|Any CPU.Build.0 = Debug|Any CPU
		{FE51B544-E449-4B6D-A0AE-A12F86D0F4EE}.Debug|x64.ActiveCfg = Debug|Any CPU
		{FE51B544-E449-4B6D-A0AE-A12F86D0F4EE}.Debug|x64.Build.0 = Debug|Any CPU
		{FE51B544-E449-4B6D-A0AE-A12F86D0F4EE}.Debug|x86.ActiveCfg = Debug|Any CPU
		{FE51B544-E449-4B6D-A0AE-A12F86D0F4EE}.Debug|x86.Build.0 = Debug|Any CPU
		{FE51B544-E449-4B6D-A0AE-A12F86D0F4EE}.Release|Any CPU.ActiveCfg = Release|Any CPU
		{FE51B544-E449-4B6D-A0AE-A12F86D0F4EE}.Release|Any CPU.Build.0 = Release|Any CPU
		{FE51B544-E449-4B6D-A0AE-A12F86D0F4EE}.Release|x64.ActiveCfg = Release|Any CPU
		{FE51B544-E449-4B6D-A0AE-A12F86D0F4EE}.Release|x64.Build.0 = Release|Any CPU
		{FE51B544-E449-4B6D-A0AE-A12F86D0F4EE}.Release|x86.ActiveCfg = Release|Any CPU
		{FE51B544-E449-4B6D-A0AE-A12F86D0F4EE}.Release|x86.Build.0 = Release|Any CPU
		{3D97F9D1-539A-4095-BD9E-18AB76352AD8}.Debug|Any CPU.ActiveCfg = Debug|Any CPU
		{3D97F9D1-539A-4095-BD9E-18AB76352AD8}.Debug|Any CPU.Build.0 = Debug|Any CPU
		{3D97F9D1-539A-4095-BD9E-18AB76352AD8}.Debug|x64.ActiveCfg = Debug|Any CPU
		{3D97F9D1-539A-4095-BD9E-18AB76352AD8}.Debug|x64.Build.0 = Debug|Any CPU
		{3D97F9D1-539A-4095-BD9E-18AB76352AD8}.Debug|x86.ActiveCfg = Debug|Any CPU
		{3D97F9D1-539A-4095-BD9E-18AB76352AD8}.Debug|x86.Build.0 = Debug|Any CPU
		{3D97F9D1-539A-4095-BD9E-18AB76352AD8}.Release|Any CPU.ActiveCfg = Release|Any CPU
		{3D97F9D1-539A-4095-BD9E-18AB76352AD8}.Release|Any CPU.Build.0 = Release|Any CPU
		{3D97F9D1-539A-4095-BD9E-18AB76352AD8}.Release|x64.ActiveCfg = Release|Any CPU
		{3D97F9D1-539A-4095-BD9E-18AB76352AD8}.Release|x64.Build.0 = Release|Any CPU
		{3D97F9D1-539A-4095-BD9E-18AB76352AD8}.Release|x86.ActiveCfg = Release|Any CPU
		{3D97F9D1-539A-4095-BD9E-18AB76352AD8}.Release|x86.Build.0 = Release|Any CPU
		{E9E3E3C3-53F2-49C2-92C1-D30AA46E63FB}.Debug|Any CPU.ActiveCfg = Debug|Any CPU
		{E9E3E3C3-53F2-49C2-92C1-D30AA46E63FB}.Debug|Any CPU.Build.0 = Debug|Any CPU
		{E9E3E3C3-53F2-49C2-92C1-D30AA46E63FB}.Debug|x64.ActiveCfg = Debug|Any CPU
		{E9E3E3C3-53F2-49C2-92C1-D30AA46E63FB}.Debug|x64.Build.0 = Debug|Any CPU
		{E9E3E3C3-53F2-49C2-92C1-D30AA46E63FB}.Debug|x86.ActiveCfg = Debug|Any CPU
		{E9E3E3C3-53F2-49C2-92C1-D30AA46E63FB}.Debug|x86.Build.0 = Debug|Any CPU
		{E9E3E3C3-53F2-49C2-92C1-D30AA46E63FB}.Release|Any CPU.ActiveCfg = Release|Any CPU
		{E9E3E3C3-53F2-49C2-92C1-D30AA46E63FB}.Release|Any CPU.Build.0 = Release|Any CPU
		{E9E3E3C3-53F2-49C2-92C1-D30AA46E63FB}.Release|x64.ActiveCfg = Release|Any CPU
		{E9E3E3C3-53F2-49C2-92C1-D30AA46E63FB}.Release|x64.Build.0 = Release|Any CPU
		{E9E3E3C3-53F2-49C2-92C1-D30AA46E63FB}.Release|x86.ActiveCfg = Release|Any CPU
		{E9E3E3C3-53F2-49C2-92C1-D30AA46E63FB}.Release|x86.Build.0 = Release|Any CPU
	EndGlobalSection
EndGlobal
